# THIS IS AN AUTOGENERATED FILE. DO NOT EDIT THIS FILE DIRECTLY.
# yarn lockfile v1


ascii-table@^0.0.9:
  version "0.0.9"
  resolved "https://registry.yarnpkg.com/ascii-table/-/ascii-table-0.0.9.tgz#06a6604d6a55d4bf41a9a47d9872d7a78da31e73"
  integrity sha1-BqZgTWpV1L9BqaR9mHLXp42jHnM=

string-similarity@^3.0.0:
  version "3.0.0"
  resolved "https://registry.yarnpkg.com/string-similarity/-/string-similarity-3.0.0.tgz#07b0bc69fae200ad88ceef4983878d03793847c7"
  integrity sha512-7kS7LyTp56OqOI2BDWQNVnLX/rCxIQn+/5M0op1WV6P8Xx6TZNdajpuqQdiJ7Xx+p1C5CsWMvdiBp9ApMhxzEQ==
